<Solution>
  <Project Path="Programacion-2.csproj" Id="a6019bb1-2980-4319-b455-81ebbe1f2cc5" />
  <Project Path="Unidad2_operadores/Unidad2_operadores.csproj" Id="28b68392-6467-4b02-b141-134994927c0a" />
  <Project Path="Unidad3_MessageBox/Unidad3_MessageBox.csproj" Id="cc2315f0-a15e-4d91-854d-bf48002bcd49" />
</Solution>
